// !$*UTF8*$!
{
	archiveVersion = 1;
	classes = {
	};
	objectVersion = 55;
	objects = {

/* Begin PBXBuildFile section */
		8B2A5BE72817A72900BBAB85 /* AppDelegate.swift in Sources */ = {isa = PBXBuildFile; fileRef = 8B2A5BE62817A72900BBAB85 /* AppDelegate.swift */; };
		8B2A5BE92817A72900BBAB85 /* SceneDelegate.swift in Sources */ = {isa = PBXBuildFile; fileRef = 8B2A5BE82817A72900BBAB85 /* SceneDelegate.swift */; };
		8B2A5BEB2817A72900BBAB85 /* ResumeListVC.swift in Sources */ = {isa = PBXBuildFile; fileRef = 8B2A5BEA2817A72900BBAB85 /* ResumeListVC.swift */; };
		8B2A5BEE2817A72900BBAB85 /* Main.storyboard in Resources */ = {isa = PBXBuildFile; fileRef = 8B2A5BEC2817A72900BBAB85 /* Main.storyboard */; };
		8B2A5BF12817A72900BBAB85 /* ResumeBuilder.xcdatamodeld in Sources */ = {isa = PBXBuildFile; fileRef = 8B2A5BEF2817A72900BBAB85 /* ResumeBuilder.xcdatamodeld */; };
		8B2A5BF32817A72A00BBAB85 /* Assets.xcassets in Resources */ = {isa = PBXBuildFile; fileRef = 8B2A5BF22817A72A00BBAB85 /* Assets.xcassets */; };
		8B2A5BF62817A72A00BBAB85 /* LaunchScreen.storyboard in Resources */ = {isa = PBXBuildFile; fileRef = 8B2A5BF42817A72A00BBAB85 /* LaunchScreen.storyboard */; };
		8B2A5C012817A72B00BBAB85 /* ResumeBuilderTests.swift in Sources */ = {isa = PBXBuildFile; fileRef = 8B2A5C002817A72B00BBAB85 /* ResumeBuilderTests.swift */; };
		8B2A5C0B2817A72B00BBAB85 /* ResumeBuilderUITests.swift in Sources */ = {isa = PBXBuildFile; fileRef = 8B2A5C0A2817A72B00BBAB85 /* ResumeBuilderUITests.swift */; };
		8B2A5C0D2817A72B00BBAB85 /* ResumeBuilderUITestsLaunchTests.swift in Sources */ = {isa = PBXBuildFile; fileRef = 8B2A5C0C2817A72B00BBAB85 /* ResumeBuilderUITestsLaunchTests.swift */; };
		8B2A5C20281934EE00BBAB85 /* Resume.swift in Sources */ = {isa = PBXBuildFile; fileRef = 8B2A5C1F281934EE00BBAB85 /* Resume.swift */; };
		8B2A5C232819380D00BBAB85 /* BasicSection.swift in Sources */ = {isa = PBXBuildFile; fileRef = 8B2A5C222819380D00BBAB85 /* BasicSection.swift */; };
		8B2A5C252819382600BBAB85 /* AdvancedSection.swift in Sources */ = {isa = PBXBuildFile; fileRef = 8B2A5C242819382500BBAB85 /* AdvancedSection.swift */; };
		8B2A5C272819384400BBAB85 /* Profile.swift in Sources */ = {isa = PBXBuildFile; fileRef = 8B2A5C262819384400BBAB85 /* Profile.swift */; };
		8B2A5C29281939AA00BBAB85 /* ProfilePicture.swift in Sources */ = {isa = PBXBuildFile; fileRef = 8B2A5C28281939AA00BBAB85 /* ProfilePicture.swift */; };
		8B2A5C2B2819401500BBAB85 /* Organization.swift in Sources */ = {isa = PBXBuildFile; fileRef = 8B2A5C2A2819401500BBAB85 /* Organization.swift */; };
		8B2A5C2D28194A4200BBAB85 /* ResumeCell.swift in Sources */ = {isa = PBXBuildFile; fileRef = 8B2A5C2C28194A4200BBAB85 /* ResumeCell.swift */; };
		8B2A5C2F2819571800BBAB85 /* ResumeViewModel.swift in Sources */ = {isa = PBXBuildFile; fileRef = 8B2A5C2E2819571800BBAB85 /* ResumeViewModel.swift */; };
		8B2A5C312819638600BBAB85 /* ApiManager.swift in Sources */ = {isa = PBXBuildFile; fileRef = 8B2A5C302819638600BBAB85 /* ApiManager.swift */; };
		8B2A5C33281980E700BBAB85 /* DbManager.swift in Sources */ = {isa = PBXBuildFile; fileRef = 8B2A5C32281980E700BBAB85 /* DbManager.swift */; };
		8B2A5C352819D3D400BBAB85 /* ResumeViewController.swift in Sources */ = {isa = PBXBuildFile; fileRef = 8B2A5C342819D3D400BBAB85 /* ResumeViewController.swift */; };
		8B515FFB281B13B50048E418 /* DatabaseHandler.swift in Sources */ = {isa = PBXBuildFile; fileRef = 8B515FFA281B13B50048E418 /* DatabaseHandler.swift */; };
		8B515FFD281B91240048E418 /* Constants.swift in Sources */ = {isa = PBXBuildFile; fileRef = 8B515FFC281B91240048E418 /* Constants.swift */; };
/* End PBXBuildFile section */

/* Begin PBXContainerItemProxy section */
		8B2A5BFD2817A72B00BBAB85 /* PBXContainerItemProxy */ = {
			isa = PBXContainerItemProxy;
			containerPortal = 8B2A5BDB2817A72900BBAB85 /* Project object */;
			proxyType = 1;
			remoteGlobalIDString = 8B2A5BE22817A72900BBAB85;
			remoteInfo = ResumeBuilder;
		};
		8B2A5C072817A72B00BBAB85 /* PBXContainerItemProxy */ = {
			isa = PBXContainerItemProxy;
			containerPortal = 8B2A5BDB2817A72900BBAB85 /* Project object */;
			proxyType = 1;
			remoteGlobalIDString = 8B2A5BE22817A72900BBAB85;
			remoteInfo = ResumeBuilder;
		};
/* End PBXContainerItemProxy section */

/* Begin PBXFileReference section */
		8B2A5BE32817A72900BBAB85 /* ResumeBuilder.app */ = {isa = PBXFileReference; explicitFileType = wrapper.application; includeInIndex = 0; path = ResumeBuilder.app; sourceTree = BUILT_PRODUCTS_DIR; };
		8B2A5BE62817A72900BBAB85 /* AppDelegate.swift */ = {isa = PBXFileReference; lastKnownFileType = sourcecode.swift; path = AppDelegate.swift; sourceTree = "<group>"; };
		8B2A5BE82817A72900BBAB85 /* SceneDelegate.swift */ = {isa = PBXFileReference; lastKnownFileType = sourcecode.swift; path = SceneDelegate.swift; sourceTree = "<group>"; };
		8B2A5BEA2817A72900BBAB85 /* ResumeListVC.swift */ = {isa = PBXFileReference; lastKnownFileType = sourcecode.swift; path = ResumeListVC.swift; sourceTree = "<group>"; };
		8B2A5BED2817A72900BBAB85 /* Base */ = {isa = PBXFileReference; lastKnownFileType = file.storyboard; name = Base; path = Base.lproj/Main.storyboard; sourceTree = "<group>"; };
		8B2A5BF02817A72900BBAB85 /* ResumeBuilder.xcdatamodel */ = {isa = PBXFileReference; lastKnownFileType = wrapper.xcdatamodel; path = ResumeBuilder.xcdatamodel; sourceTree = "<group>"; };
		8B2A5BF22817A72A00BBAB85 /* Assets.xcassets */ = {isa = PBXFileReference; lastKnownFileType = folder.assetcatalog; path = Assets.xcassets; sourceTree = "<group>"; };
		8B2A5BF52817A72A00BBAB85 /* Base */ = {isa = PBXFileReference; lastKnownFileType = file.storyboard; name = Base; path = Base.lproj/LaunchScreen.storyboard; sourceTree = "<group>"; };
		8B2A5BF72817A72A00BBAB85 /* Info.plist */ = {isa = PBXFileReference; lastKnownFileType = text.plist.xml; path = Info.plist; sourceTree = "<group>"; };
		8B2A5BFC2817A72B00BBAB85 /* ResumeBuilderTests.xctest */ = {isa = PBXFileReference; explicitFileType = wrapper.cfbundle; includeInIndex = 0; path = ResumeBuilderTests.xctest; sourceTree = BUILT_PRODUCTS_DIR; };
		8B2A5C002817A72B00BBAB85 /* ResumeBuilderTests.swift */ = {isa = PBXFileReference; lastKnownFileType = sourcecode.swift; path = ResumeBuilderTests.swift; sourceTree = "<group>"; };
		8B2A5C062817A72B00BBAB85 /* ResumeBuilderUITests.xctest */ = {isa = PBXFileReference; explicitFileType = wrapper.cfbundle; includeInIndex = 0; path = ResumeBuilderUITests.xctest; sourceTree = BUILT_PRODUCTS_DIR; };
		8B2A5C0A2817A72B00BBAB85 /* ResumeBuilderUITests.swift */ = {isa = PBXFileReference; lastKnownFileType = sourcecode.swift; path = ResumeBuilderUITests.swift; sourceTree = "<group>"; };
		8B2A5C0C2817A72B00BBAB85 /* ResumeBuilderUITestsLaunchTests.swift */ = {isa = PBXFileReference; lastKnownFileType = sourcecode.swift; path = ResumeBuilderUITestsLaunchTests.swift; sourceTree = "<group>"; };
		8B2A5C1F281934EE00BBAB85 /* Resume.swift */ = {isa = PBXFileReference; lastKnownFileType = sourcecode.swift; path = Resume.swift; sourceTree = "<group>"; };
		8B2A5C222819380D00BBAB85 /* BasicSection.swift */ = {isa = PBXFileReference; lastKnownFileType = sourcecode.swift; path = BasicSection.swift; sourceTree = "<group>"; };
		8B2A5C242819382500BBAB85 /* AdvancedSection.swift */ = {isa = PBXFileReference; lastKnownFileType = sourcecode.swift; path = AdvancedSection.swift; sourceTree = "<group>"; };
		8B2A5C262819384400BBAB85 /* Profile.swift */ = {isa = PBXFileReference; lastKnownFileType = sourcecode.swift; path = Profile.swift; sourceTree = "<group>"; };
		8B2A5C28281939AA00BBAB85 /* ProfilePicture.swift */ = {isa = PBXFileReference; lastKnownFileType = sourcecode.swift; path = ProfilePicture.swift; sourceTree = "<group>"; };
		8B2A5C2A2819401500BBAB85 /* Organization.swift */ = {isa = PBXFileReference; lastKnownFileType = sourcecode.swift; path = Organization.swift; sourceTree = "<group>"; };
		8B2A5C2C28194A4200BBAB85 /* ResumeCell.swift */ = {isa = PBXFileReference; lastKnownFileType = sourcecode.swift; path = ResumeCell.swift; sourceTree = "<group>"; };
		8B2A5C2E2819571800BBAB85 /* ResumeViewModel.swift */ = {isa = PBXFileReference; lastKnownFileType = sourcecode.swift; path = ResumeViewModel.swift; sourceTree = "<group>"; };
		8B2A5C302819638600BBAB85 /* ApiManager.swift */ = {isa = PBXFileReference; lastKnownFileType = sourcecode.swift; path = ApiManager.swift; sourceTree = "<group>"; };
		8B2A5C32281980E700BBAB85 /* DbManager.swift */ = {isa = PBXFileReference; lastKnownFileType = sourcecode.swift; path = DbManager.swift; sourceTree = "<group>"; };
		8B2A5C342819D3D400BBAB85 /* ResumeViewController.swift */ = {isa = PBXFileReference; lastKnownFileType = sourcecode.swift; path = ResumeViewController.swift; sourceTree = "<group>"; };
		8B515FFA281B13B50048E418 /* DatabaseHandler.swift */ = {isa = PBXFileReference; lastKnownFileType = sourcecode.swift; path = DatabaseHandler.swift; sourceTree = "<group>"; };
		8B515FFC281B91240048E418 /* Constants.swift */ = {isa = PBXFileReference; lastKnownFileType = sourcecode.swift; path = Constants.swift; sourceTree = "<group>"; };
/* End PBXFileReference section */

/* Begin PBXFrameworksBuildPhase section */
		8B2A5BE02817A72900BBAB85 /* Frameworks */ = {
			isa = PBXFrameworksBuildPhase;
			buildActionMask = 2147483647;
			files = (
			);
			runOnlyForDeploymentPostprocessing = 0;
		};
		8B2A5BF92817A72B00BBAB85 /* Frameworks */ = {
			isa = PBXFrameworksBuildPhase;
			buildActionMask = 2147483647;
			files = (
			);
			runOnlyForDeploymentPostprocessing = 0;
		};
		8B2A5C032817A72B00BBAB85 /* Frameworks */ = {
			isa = PBXFrameworksBuildPhase;
			buildActionMask = 2147483647;
			files = (
			);
			runOnlyForDeploymentPostprocessing = 0;
		};
/* End PBXFrameworksBuildPhase section */

/* Begin PBXGroup section */
		8B2A5BDA2817A72900BBAB85 = {
			isa = PBXGroup;
			children = (
				8B2A5BE52817A72900BBAB85 /* ResumeBuilder */,
				8B2A5BFF2817A72B00BBAB85 /* ResumeBuilderTests */,
				8B2A5C092817A72B00BBAB85 /* ResumeBuilderUITests */,
				8B2A5BE42817A72900BBAB85 /* Products */,
			);
			sourceTree = "<group>";
		};
		8B2A5BE42817A72900BBAB85 /* Products */ = {
			isa = PBXGroup;
			children = (
				8B2A5BE32817A72900BBAB85 /* ResumeBuilder.app */,
				8B2A5BFC2817A72B00BBAB85 /* ResumeBuilderTests.xctest */,
				8B2A5C062817A72B00BBAB85 /* ResumeBuilderUITests.xctest */,
			);
			name = Products;
			sourceTree = "<group>";
		};
		8B2A5BE52817A72900BBAB85 /* ResumeBuilder */ = {
			isa = PBXGroup;
			children = (
				8B2A5C21281935CE00BBAB85 /* Api */,
				8B2A5C1E281933F500BBAB85 /* Misc */,
				8B2A5C1A2819332F00BBAB85 /* Model */,
				8B2A5C1D2819337E00BBAB85 /* Views */,
				8B2A5C1B2819333A00BBAB85 /* ViewModel */,
				8B2A5C192819331100BBAB85 /* Controller */,
				8B2A5C1C2819334900BBAB85 /* Repository */,
				8B2A5BE62817A72900BBAB85 /* AppDelegate.swift */,
				8B2A5BE82817A72900BBAB85 /* SceneDelegate.swift */,
				8B2A5BF22817A72A00BBAB85 /* Assets.xcassets */,
				8B2A5BF72817A72A00BBAB85 /* Info.plist */,
			);
			path = ResumeBuilder;
			sourceTree = "<group>";
		};
		8B2A5BFF2817A72B00BBAB85 /* ResumeBuilderTests */ = {
			isa = PBXGroup;
			children = (
				8B2A5C002817A72B00BBAB85 /* ResumeBuilderTests.swift */,
			);
			path = ResumeBuilderTests;
			sourceTree = "<group>";
		};
		8B2A5C092817A72B00BBAB85 /* ResumeBuilderUITests */ = {
			isa = PBXGroup;
			children = (
				8B2A5C0A2817A72B00BBAB85 /* ResumeBuilderUITests.swift */,
				8B2A5C0C2817A72B00BBAB85 /* ResumeBuilderUITestsLaunchTests.swift */,
			);
			path = ResumeBuilderUITests;
			sourceTree = "<group>";
		};
		8B2A5C192819331100BBAB85 /* Controller */ = {
			isa = PBXGroup;
			children = (
				8B2A5C2C28194A4200BBAB85 /* ResumeCell.swift */,
				8B2A5BEA2817A72900BBAB85 /* ResumeListVC.swift */,
				8B2A5C342819D3D400BBAB85 /* ResumeViewController.swift */,
			);
			path = Controller;
			sourceTree = "<group>";
		};
		8B2A5C1A2819332F00BBAB85 /* Model */ = {
			isa = PBXGroup;
			children = (
				8B2A5C1F281934EE00BBAB85 /* Resume.swift */,
				8B2A5C262819384400BBAB85 /* Profile.swift */,
				8B2A5C28281939AA00BBAB85 /* ProfilePicture.swift */,
				8B2A5C222819380D00BBAB85 /* BasicSection.swift */,
				8B2A5C2A2819401500BBAB85 /* Organization.swift */,
				8B2A5C242819382500BBAB85 /* AdvancedSection.swift */,
			);
			path = Model;
			sourceTree = "<group>";
		};
		8B2A5C1B2819333A00BBAB85 /* ViewModel */ = {
			isa = PBXGroup;
			children = (
				8B2A5C2E2819571800BBAB85 /* ResumeViewModel.swift */,
			);
			path = ViewModel;
			sourceTree = "<group>";
		};
		8B2A5C1C2819334900BBAB85 /* Repository */ = {
			isa = PBXGroup;
			children = (
				8B2A5BEF2817A72900BBAB85 /* ResumeBuilder.xcdatamodeld */,
				8B2A5C32281980E700BBAB85 /* DbManager.swift */,
				8B515FFA281B13B50048E418 /* DatabaseHandler.swift */,
			);
			path = Repository;
			sourceTree = "<group>";
		};
		8B2A5C1D2819337E00BBAB85 /* Views */ = {
			isa = PBXGroup;
			children = (
				8B2A5BF42817A72A00BBAB85 /* LaunchScreen.storyboard */,
				8B2A5BEC2817A72900BBAB85 /* Main.storyboard */,
			);
			path = Views;
			sourceTree = "<group>";
		};
		8B2A5C1E281933F500BBAB85 /* Misc */ = {
			isa = PBXGroup;
			children = (
				8B515FFC281B91240048E418 /* Constants.swift */,
			);
			path = Misc;
			sourceTree = "<group>";
		};
		8B2A5C21281935CE00BBAB85 /* Api */ = {
			isa = PBXGroup;
			children = (
				8B2A5C302819638600BBAB85 /* ApiManager.swift */,
			);
			path = Api;
			sourceTree = "<group>";
		};
/* End PBXGroup section */

/* Begin PBXNativeTarget section */
		8B2A5BE22817A72900BBAB85 /* ResumeBuilder */ = {
			isa = PBXNativeTarget;
			buildConfigurationList = 8B2A5C102817A72B00BBAB85 /* Build configuration list for PBXNativeTarget "ResumeBuilder" */;
			buildPhases = (
				8B2A5BDF2817A72900BBAB85 /* Sources */,
				8B2A5BE02817A72900BBAB85 /* Frameworks */,
				8B2A5BE12817A72900BBAB85 /* Resources */,
			);
			buildRules = (
			);
			dependencies = (
			);
			name = ResumeBuilder;
			productName = ResumeBuilder;
			productReference = 8B2A5BE32817A72900BBAB85 /* ResumeBuilder.app */;
			productType = "com.apple.product-type.application";
		};
		8B2A5BFB2817A72B00BBAB85 /* ResumeBuilderTests */ = {
			isa = PBXNativeTarget;
			buildConfigurationList = 8B2A5C132817A72B00BBAB85 /* Build configuration list for PBXNativeTarget "ResumeBuilderTests" */;
			buildPhases = (
				8B2A5BF82817A72B00BBAB85 /* Sources */,
				8B2A5BF92817A72B00BBAB85 /* Frameworks */,
				8B2A5BFA2817A72B00BBAB85 /* Resources */,
			);
			buildRules = (
			);
			dependencies = (
				8B2A5BFE2817A72B00BBAB85 /* PBXTargetDependency */,
			);
			name = ResumeBuilderTests;
			productName = ResumeBuilderTests;
			productReference = 8B2A5BFC2817A72B00BBAB85 /* ResumeBuilderTests.xctest */;
			productType = "com.apple.product-type.bundle.unit-test";
		};
		8B2A5C052817A72B00BBAB85 /* ResumeBuilderUITests */ = {
			isa = PBXNativeTarget;
			buildConfigurationList = 8B2A5C162817A72B00BBAB85 /* Build configuration list for PBXNativeTarget "ResumeBuilderUITests" */;
			buildPhases = (
				8B2A5C022817A72B00BBAB85 /* Sources */,
				8B2A5C032817A72B00BBAB85 /* Frameworks */,
				8B2A5C042817A72B00BBAB85 /* Resources */,
			);
			buildRules = (
			);
			dependencies = (
				8B2A5C082817A72B00BBAB85 /* PBXTargetDependency */,
			);
			name = ResumeBuilderUITests;
			productName = ResumeBuilderUITests;
			productReference = 8B2A5C062817A72B00BBAB85 /* ResumeBuilderUITests.xctest */;
			productType = "com.apple.product-type.bundle.ui-testing";
		};
/* End PBXNativeTarget section */

/* Begin PBXProject section */
		8B2A5BDB2817A72900BBAB85 /* Project object */ = {
			isa = PBXProject;
			attributes = {
				BuildIndependentTargetsInParallel = 1;
				LastSwiftUpdateCheck = 1330;
				LastUpgradeCheck = 1330;
				TargetAttributes = {
					8B2A5BE22817A72900BBAB85 = {
						CreatedOnToolsVersion = 13.3.1;
					};
					8B2A5BFB2817A72B00BBAB85 = {
						CreatedOnToolsVersion = 13.3.1;
						TestTargetID = 8B2A5BE22817A72900BBAB85;
					};
					8B2A5C052817A72B00BBAB85 = {
						CreatedOnToolsVersion = 13.3.1;
						TestTargetID = 8B2A5BE22817A72900BBAB85;
					};
				};
			};
			buildConfigurationList = 8B2A5BDE2817A72900BBAB85 /* Build configuration list for PBXProject "ResumeBuilder" */;
			compatibilityVersion = "Xcode 13.0";
			developmentRegion = en;
			hasScannedForEncodings = 0;
			knownRegions = (
				en,
				Base,
			);
			mainGroup = 8B2A5BDA2817A72900BBAB85;
			productRefGroup = 8B2A5BE42817A72900BBAB85 /* Products */;
			projectDirPath = "";
			projectRoot = "";
			targets = (
				8B2A5BE22817A72900BBAB85 /* ResumeBuilder */,
				8B2A5BFB2817A72B00BBAB85 /* ResumeBuilderTests */,
				8B2A5C052817A72B00BBAB85 /* ResumeBuilderUITests */,
			);
		};
/* End PBXProject section */

/* Begin PBXResourcesBuildPhase section */
		8B2A5BE12817A72900BBAB85 /* Resources */ = {
			isa = PBXResourcesBuildPhase;
			buildActionMask = 2147483647;
			files = (
				8B2A5BF62817A72A00BBAB85 /* LaunchScreen.storyboard in Resources */,
				8B2A5BF32817A72A00BBAB85 /* Assets.xcassets in Resources */,
				8B2A5BEE2817A72900BBAB85 /* Main.storyboard in Resources */,
			);
			runOnlyForDeploymentPostprocessing = 0;
		};
		8B2A5BFA2817A72B00BBAB85 /* Resources */ = {
			isa = PBXResourcesBuildPhase;
			buildActionMask = 2147483647;
			files = (
			);
			runOnlyForDeploymentPostprocessing = 0;
		};
		8B2A5C042817A72B00BBAB85 /* Resources */ = {
			isa = PBXResourcesBuildPhase;
			buildActionMask = 2147483647;
			files = (
			);
			runOnlyForDeploymentPostprocessing = 0;
		};
/* End PBXResourcesBuildPhase section */

/* Begin PBXSourcesBuildPhase section */
		8B2A5BDF2817A72900BBAB85 /* Sources */ = {
			isa = PBXSourcesBuildPhase;
			buildActionMask = 2147483647;
			files = (
				8B2A5BEB2817A72900BBAB85 /* ResumeListVC.swift in Sources */,
				8B515FFD281B91240048E418 /* Constants.swift in Sources */,
				8B2A5C272819384400BBAB85 /* Profile.swift in Sources */,
				8B2A5C312819638600BBAB85 /* ApiManager.swift in Sources */,
				8B515FFB281B13B50048E418 /* DatabaseHandler.swift in Sources */,
				8B2A5C352819D3D400BBAB85 /* ResumeViewController.swift in Sources */,
				8B2A5C2D28194A4200BBAB85 /* ResumeCell.swift in Sources */,
				8B2A5C20281934EE00BBAB85 /* Resume.swift in Sources */,
				8B2A5C2B2819401500BBAB85 /* Organization.swift in Sources */,
				8B2A5C232819380D00BBAB85 /* BasicSection.swift in Sources */,
				8B2A5C33281980E700BBAB85 /* DbManager.swift in Sources */,
				8B2A5C29281939AA00BBAB85 /* ProfilePicture.swift in Sources */,
				8B2A5BE72817A72900BBAB85 /* AppDelegate.swift in Sources */,
				8B2A5C252819382600BBAB85 /* AdvancedSection.swift in Sources */,
				8B2A5C2F2819571800BBAB85 /* ResumeViewModel.swift in Sources */,
				8B2A5BF12817A72900BBAB85 /* ResumeBuilder.xcdatamodeld in Sources */,
				8B2A5BE92817A72900BBAB85 /* SceneDelegate.swift in Sources */,
			);
			runOnlyForDeploymentPostprocessing = 0;
		};
		8B2A5BF82817A72B00BBAB85 /* Sources */ = {
			isa = PBXSourcesBuildPhase;
			buildActionMask = 2147483647;
			files = (
				8B2A5C012817A72B00BBAB85 /* ResumeBuilderTests.swift in Sources */,
			);
			runOnlyForDeploymentPostprocessing = 0;
		};
		8B2A5C022817A72B00BBAB85 /* Sources */ = {
			isa = PBXSourcesBuildPhase;
			buildActionMask = 2147483647;
			files = (
				8B2A5C0B2817A72B00BBAB85 /* ResumeBuilderUITests.swift in Sources */,
				8B2A5C0D2817A72B00BBAB85 /* ResumeBuilderUITestsLaunchTests.swift in Sources */,
			);
			runOnlyForDeploymentPostprocessing = 0;
		};
/* End PBXSourcesBuildPhase section */

/* Begin PBXTargetDependency section */
		8B2A5BFE2817A72B00BBAB85 /* PBXTargetDependency */ = {
			isa = PBXTargetDependency;
			target = 8B2A5BE22817A72900BBAB85 /* ResumeBuilder */;
			targetProxy = 8B2A5BFD2817A72B00BBAB85 /* PBXContainerItemProxy */;
		};
		8B2A5C082817A72B00BBAB85 /* PBXTargetDependency */ = {
			isa = PBXTargetDependency;
			target = 8B2A5BE22817A72900BBAB85 /* ResumeBuilder */;
			targetProxy = 8B2A5C072817A72B00BBAB85 /* PBXContainerItemProxy */;
		};
/* End PBXTargetDependency section */

/* Begin PBXVariantGroup section */
		8B2A5BEC2817A72900BBAB85 /* Main.storyboard */ = {
			isa = PBXVariantGroup;
			children = (
				8B2A5BED2817A72900BBAB85 /* Base */,
			);
			name = Main.storyboard;
			sourceTree = "<group>";
		};
		8B2A5BF42817A72A00BBAB85 /* LaunchScreen.storyboard */ = {
			isa = PBXVariantGroup;
			children = (
				8B2A5BF52817A72A00BBAB85 /* Base */,
			);
			name = LaunchScreen.storyboard;
			sourceTree = "<group>";
		};
/* End PBXVariantGroup section */

/* Begin XCBuildConfiguration section */
		8B2A5C0E2817A72B00BBAB85 /* Debug */ = {
			isa = XCBuildConfiguration;
			buildSettings = {
				ALWAYS_SEARCH_USER_PATHS = NO;
				CLANG_ANALYZER_NONNULL = YES;
				CLANG_ANALYZER_NUMBER_OBJECT_CONVERSION = YES_AGGRESSIVE;
				CLANG_CXX_LANGUAGE_STANDARD = "gnu++17";
				CLANG_ENABLE_MODULES = YES;
				CLANG_ENABLE_OBJC_ARC = YES;
				CLANG_ENABLE_OBJC_WEAK = YES;
				CLANG_WARN_BLOCK_CAPTURE_AUTORELEASING = YES;
				CLANG_WARN_BOOL_CONVERSION = YES;
				CLANG_WARN_COMMA = YES;
				CLANG_WARN_CONSTANT_CONVERSION = YES;
				CLANG_WARN_DEPRECATED_OBJC_IMPLEMENTATIONS = YES;
				CLANG_WARN_DIRECT_OBJC_ISA_USAGE = YES_ERROR;
				CLANG_WARN_DOCUMENTATION_COMMENTS = YES;
				CLANG_WARN_EMPTY_BODY = YES;
				CLANG_WARN_ENUM_CONVERSION = YES;
				CLANG_WARN_INFINITE_RECURSION = YES;
				CLANG_WARN_INT_CONVERSION = YES;
				CLANG_WARN_NON_LITERAL_NULL_CONVERSION = YES;
				CLANG_WARN_OBJC_IMPLICIT_RETAIN_SELF = YES;
				CLANG_WARN_OBJC_LITERAL_CONVERSION = YES;
				CLANG_WARN_OBJC_ROOT_CLASS = YES_ERROR;
				CLANG_WARN_QUOTED_INCLUDE_IN_FRAMEWORK_HEADER = YES;
				CLANG_WARN_RANGE_LOOP_ANALYSIS = YES;
				CLANG_WARN_STRICT_PROTOTYPES = YES;
				CLANG_WARN_SUSPICIOUS_MOVE = YES;
				CLANG_WARN_UNGUARDED_AVAILABILITY = YES_AGGRESSIVE;
				CLANG_WARN_UNREACHABLE_CODE = YES;
				CLANG_WARN__DUPLICATE_METHOD_MATCH = YES;
				COPY_PHASE_STRIP = NO;
				DEBUG_INFORMATION_FORMAT = dwarf;
				ENABLE_STRICT_OBJC_MSGSEND = YES;
				ENABLE_TESTABILITY = YES;
				GCC_C_LANGUAGE_STANDARD = gnu11;
				GCC_DYNAMIC_NO_PIC = NO;
				GCC_NO_COMMON_BLOCKS = YES;
				GCC_OPTIMIZATION_LEVEL = 0;
				GCC_PREPROCESSOR_DEFINITIONS = (
					"DEBUG=1",
					"$(inherited)",
				);
				GCC_WARN_64_TO_32_BIT_CONVERSION = YES;
				GCC_WARN_ABOUT_RETURN_TYPE = YES_ERROR;
				GCC_WARN_UNDECLARED_SELECTOR = YES;
				GCC_WARN_UNINITIALIZED_AUTOS = YES_AGGRESSIVE;
				GCC_WARN_UNUSED_FUNCTION = YES;
				GCC_WARN_UNUSED_VARIABLE = YES;
				IPHONEOS_DEPLOYMENT_TARGET = 13.0;
				MTL_ENABLE_DEBUG_INFO = INCLUDE_SOURCE;
				MTL_FAST_MATH = YES;
				ONLY_ACTIVE_ARCH = YES;
				SDKROOT = iphoneos;
				SWIFT_ACTIVE_COMPILATION_CONDITIONS = DEBUG;
				SWIFT_OPTIMIZATION_LEVEL = "-Onone";
			};
			name = Debug;
		};
		8B2A5C0F2817A72B00BBAB85 /* Release */ = {
			isa = XCBuildConfiguration;
			buildSettings = {
				ALWAYS_SEARCH_USER_PATHS = NO;
				CLANG_ANALYZER_NONNULL = YES;
				CLANG_ANALYZER_NUMBER_OBJECT_CONVERSION = YES_AGGRESSIVE;
				CLANG_CXX_LANGUAGE_STANDARD = "gnu++17";
				CLANG_ENABLE_MODULES = YES;
				CLANG_ENABLE_OBJC_ARC = YES;
				CLANG_ENABLE_OBJC_WEAK = YES;
				CLANG_WARN_BLOCK_CAPTURE_AUTORELEASING = YES;
				CLANG_WARN_BOOL_CONVERSION = YES;
				CLANG_WARN_COMMA = YES;
				CLANG_WARN_CONSTANT_CONVERSION = YES;
				CLANG_WARN_DEPRECATED_OBJC_IMPLEMENTATIONS = YES;
				CLANG_WARN_DIRECT_OBJC_ISA_USAGE = YES_ERROR;
				CLANG_WARN_DOCUMENTATION_COMMENTS = YES;
				CLANG_WARN_EMPTY_BODY = YES;
				CLANG_WARN_ENUM_CONVERSION = YES;
				CLANG_WARN_INFINITE_RECURSION = YES;
				CLANG_WARN_INT_CONVERSION = YES;
				CLANG_WARN_NON_LITERAL_NULL_CONVERSION = YES;
				CLANG_WARN_OBJC_IMPLICIT_RETAIN_SELF = YES;
				CLANG_WARN_OBJC_LITERAL_CONVERSION = YES;
				CLANG_WARN_OBJC_ROOT_CLASS = YES_ERROR;
				CLANG_WARN_QUOTED_INCLUDE_IN_FRAMEWORK_HEADER = YES;
				CLANG_WARN_RANGE_LOOP_ANALYSIS = YES;
				CLANG_WARN_STRICT_PROTOTYPES = YES;
				CLANG_WARN_SUSPICIOUS_MOVE = YES;
				CLANG_WARN_UNGUARDED_AVAILABILITY = YES_AGGRESSIVE;
				CLANG_WARN_UNREACHABLE_CODE = YES;
				CLANG_WARN__DUPLICATE_METHOD_MATCH = YES;
				COPY_PHASE_STRIP = NO;
				DEBUG_INFORMATION_FORMAT = "dwarf-with-dsym";
				ENABLE_NS_ASSERTIONS = NO;
				ENABLE_STRICT_OBJC_MSGSEND = YES;
				GCC_C_LANGUAGE_STANDARD = gnu11;
				GCC_NO_COMMON_BLOCKS = YES;
				GCC_WARN_64_TO_32_BIT_CONVERSION = YES;
				GCC_WARN_ABOUT_RETURN_TYPE = YES_ERROR;
				GCC_WARN_UNDECLARED_SELECTOR = YES;
				GCC_WARN_UNINITIALIZED_AUTOS = YES_AGGRESSIVE;
				GCC_WARN_UNUSED_FUNCTION = YES;
				GCC_WARN_UNUSED_VARIABLE = YES;
				IPHONEOS_DEPLOYMENT_TARGET = 13.0;
				MTL_ENABLE_DEBUG_INFO = NO;
				MTL_FAST_MATH = YES;
				SDKROOT = iphoneos;
				SWIFT_COMPILATION_MODE = wholemodule;
				SWIFT_OPTIMIZATION_LEVEL = "-O";
				VALIDATE_PRODUCT = YES;
			};
			name = Release;
		};
		8B2A5C112817A72B00BBAB85 /* Debug */ = {
			isa = XCBuildConfiguration;
			buildSettings = {
				ASSETCATALOG_COMPILER_APPICON_NAME = AppIcon;
				ASSETCATALOG_COMPILER_GLOBAL_ACCENT_COLOR_NAME = AccentColor;
				CODE_SIGN_STYLE = Automatic;
				CURRENT_PROJECT_VERSION = 1;
				DEVELOPMENT_TEAM = F23S5CACJ2;
				GENERATE_INFOPLIST_FILE = YES;
				INFOPLIST_FILE = ResumeBuilder/Info.plist;
				INFOPLIST_KEY_UIApplicationSupportsIndirectInputEvents = YES;
				INFOPLIST_KEY_UILaunchStoryboardName = LaunchScreen;
				INFOPLIST_KEY_UIMainStoryboardFile = Main;
				INFOPLIST_KEY_UISupportedInterfaceOrientations_iPad = "UIInterfaceOrientationPortrait UIInterfaceOrientationPortraitUpsideDown UIInterfaceOrientationLandscapeLeft UIInterfaceOrientationLandscapeRight";
				INFOPLIST_KEY_UISupportedInterfaceOrientations_iPhone = "UIInterfaceOrientationPortrait UIInterfaceOrientationLandscapeLeft UIInterfaceOrientationLandscapeRight";
				IPHONEOS_DEPLOYMENT_TARGET = 13.0;
				LD_RUNPATH_SEARCH_PATHS = (
					"$(inherited)",
					"@executable_path/Frameworks",
				);
				MARKETING_VERSION = 1.0;
				PRODUCT_BUNDLE_IDENTIFIER = com.relisource.resumebuilder.ResumeBuilder;
				PRODUCT_NAME = "$(TARGET_NAME)";
				SWIFT_EMIT_LOC_STRINGS = YES;
				SWIFT_VERSION = 5.0;
				TARGETED_DEVICE_FAMILY = "1,2";
			};
			name = Debug;
		};
		8B2A5C122817A72B00BBAB85 /* Release */ = {
			isa = XCBuildConfiguration;
			buildSettings = {
				ASSETCATALOG_COMPILER_APPICON_NAME = AppIcon;
				ASSETCATALOG_COMPILER_GLOBAL_ACCENT_COLOR_NAME = AccentColor;
				CODE_SIGN_STYLE = Automatic;
				CURRENT_PROJECT_VERSION = 1;
				DEVELOPMENT_TEAM = F23S5CACJ2;
				GENERATE_INFOPLIST_FILE = YES;
				INFOPLIST_FILE = ResumeBuilder/Info.plist;
				INFOPLIST_KEY_UIApplicationSupportsIndirectInputEvents = YES;
				INFOPLIST_KEY_UILaunchStoryboardName = LaunchScreen;
				INFOPLIST_KEY_UIMainStoryboardFile = Main;
				INFOPLIST_KEY_UISupportedInterfaceOrientations_iPad = "UIInterfaceOrientationPortrait UIInterfaceOrientationPortraitUpsideDown UIInterfaceOrientationLandscapeLeft UIInterfaceOrientationLandscapeRight";
				INFOPLIST_KEY_UISupportedInterfaceOrientations_iPhone = "UIInterfaceOrientationPortrait UIInterfaceOrientationLandscapeLeft UIInterfaceOrientationLandscapeRight";
				IPHONEOS_DEPLOYMENT_TARGET = 13.0;
				LD_RUNPATH_SEARCH_PATHS = (
					"$(inherited)",
					"@executable_path/Frameworks",
				);
				MARKETING_VERSION = 1.0;
				PRODUCT_BUNDLE_IDENTIFIER = com.relisource.resumebuilder.ResumeBuilder;
				PRODUCT_NAME = "$(TARGET_NAME)";
				SWIFT_EMIT_LOC_STRINGS = YES;
				SWIFT_VERSION = 5.0;
				TARGETED_DEVICE_FAMILY = "1,2";
			};
			name = Release;
		};
		8B2A5C142817A72B00BBAB85 /* Debug */ = {
			isa = XCBuildConfiguration;
			buildSettings = {
				ALWAYS_EMBED_SWIFT_STANDARD_LIBRARIES = YES;
				BUNDLE_LOADER = "$(TEST_HOST)";
				CODE_SIGN_STYLE = Automatic;
				CURRENT_PROJECT_VERSION = 1;
				DEVELOPMENT_TEAM = F23S5CACJ2;
				GENERATE_INFOPLIST_FILE = YES;
				IPHONEOS_DEPLOYMENT_TARGET = 15.4;
				MARKETING_VERSION = 1.0;
				PRODUCT_BUNDLE_IDENTIFIER = com.relisource.resumebuilder.ResumeBuilderTests;
				PRODUCT_NAME = "$(TARGET_NAME)";
				SWIFT_EMIT_LOC_STRINGS = NO;
				SWIFT_VERSION = 5.0;
				TARGETED_DEVICE_FAMILY = "1,2";
				TEST_HOST = "$(BUILT_PRODUCTS_DIR)/ResumeBuilder.app/ResumeBuilder";
			};
			name = Debug;
		};
		8B2A5C152817A72B00BBAB85 /* Release */ = {
			isa = XCBuildConfiguration;
			buildSettings = {
				ALWAYS_EMBED_SWIFT_STANDARD_LIBRARIES = YES;
				BUNDLE_LOADER = "$(TEST_HOST)";
				CODE_SIGN_STYLE = Automatic;
				CURRENT_PROJECT_VERSION = 1;
				DEVELOPMENT_TEAM = F23S5CACJ2;
				GENERATE_INFOPLIST_FILE = YES;
				IPHONEOS_DEPLOYMENT_TARGET = 15.4;
				MARKETING_VERSION = 1.0;
				PRODUCT_BUNDLE_IDENTIFIER = com.relisource.resumebuilder.ResumeBuilderTests;
				PRODUCT_NAME = "$(TARGET_NAME)";
				SWIFT_EMIT_LOC_STRINGS = NO;
				SWIFT_VERSION = 5.0;
				TARGETED_DEVICE_FAMILY = "1,2";
				TEST_HOST = "$(BUILT_PRODUCTS_DIR)/ResumeBuilder.app/ResumeBuilder";
			};
			name = Release;
		};
		8B2A5C172817A72B00BBAB85 /* Debug */ = {
			isa = XCBuildConfiguration;
			buildSettings = {
				ALWAYS_EMBED_SWIFT_STANDARD_LIBRARIES = YES;
				CODE_SIGN_STYLE = Automatic;
				CURRENT_PROJECT_VERSION = 1;
				DEVELOPMENT_TEAM = F23S5CACJ2;
				GENERATE_INFOPLIST_FILE = YES;
				MARKETING_VERSION = 1.0;
				PRODUCT_BUNDLE_IDENTIFIER = com.relisource.resumebuilder.ResumeBuilderUITests;
				PRODUCT_NAME = "$(TARGET_NAME)";
				SWIFT_EMIT_LOC_STRINGS = NO;
				SWIFT_VERSION = 5.0;
				TARGETED_DEVICE_FAMILY = "1,2";
				TEST_TARGET_NAME = ResumeBuilder;
			};
			name = Debug;
		};
		8B2A5C182817A72B00BBAB85 /* Release */ = {
			isa = XCBuildConfiguration;
			buildSettings = {
				ALWAYS_EMBED_SWIFT_STANDARD_LIBRARIES = YES;
				CODE_SIGN_STYLE = Automatic;
				CURRENT_PROJECT_VERSION = 1;
				DEVELOPMENT_TEAM = F23S5CACJ2;
				GENERATE_INFOPLIST_FILE = YES;
				MARKETING_VERSION = 1.0;
				PRODUCT_BUNDLE_IDENTIFIER = com.relisource.resumebuilder.ResumeBuilderUITests;
				PRODUCT_NAME = "$(TARGET_NAME)";
				SWIFT_EMIT_LOC_STRINGS = NO;
				SWIFT_VERSION = 5.0;
				TARGETED_DEVICE_FAMILY = "1,2";
				TEST_TARGET_NAME = ResumeBuilder;
			};
			name = Release;
		};
/* End XCBuildConfiguration section */

/* Begin XCConfigurationList section */
		8B2A5BDE2817A72900BBAB85 /* Build configuration list for PBXProject "ResumeBuilder" */ = {
			isa = XCConfigurationList;
			buildConfigurations = (
				8B2A5C0E2817A72B00BBAB85 /* Debug */,
				8B2A5C0F2817A72B00BBAB85 /* Release */,
			);
			defaultConfigurationIsVisible = 0;
			defaultConfigurationName = Release;
		};
		8B2A5C102817A72B00BBAB85 /* Build configuration list for PBXNativeTarget "ResumeBuilder" */ = {
			isa = XCConfigurationList;
			buildConfigurations = (
				8B2A5C112817A72B00BBAB85 /* Debug */,
				8B2A5C122817A72B00BBAB85 /* Release */,
			);
			defaultConfigurationIsVisible = 0;
			defaultConfigurationName = Release;
		};
		8B2A5C132817A72B00BBAB85 /* Build configuration list for PBXNativeTarget "ResumeBuilderTests" */ = {
			isa = XCConfigurationList;
			buildConfigurations = (
				8B2A5C142817A72B00BBAB85 /* Debug */,
				8B2A5C152817A72B00BBAB85 /* Release */,
			);
			defaultConfigurationIsVisible = 0;
			defaultConfigurationName = Release;
		};
		8B2A5C162817A72B00BBAB85 /* Build configuration list for PBXNativeTarget "ResumeBuilderUITests" */ = {
			isa = XCConfigurationList;
			buildConfigurations = (
				8B2A5C172817A72B00BBAB85 /* Debug */,
				8B2A5C182817A72B00BBAB85 /* Release */,
			);
			defaultConfigurationIsVisible = 0;
			defaultConfigurationName = Release;
		};
/* End XCConfigurationList section */

/* Begin XCVersionGroup section */
		8B2A5BEF2817A72900BBAB85 /* ResumeBuilder.xcdatamodeld */ = {
			isa = XCVersionGroup;
			children = (
				8B2A5BF02817A72900BBAB85 /* ResumeBuilder.xcdatamodel */,
			);
			currentVersion = 8B2A5BF02817A72900BBAB85 /* ResumeBuilder.xcdatamodel */;
			path = ResumeBuilder.xcdatamodeld;
			sourceTree = "<group>";
			versionGroupType = wrapper.xcdatamodel;
		};
/* End XCVersionGroup section */
	};
	rootObject = 8B2A5BDB2817A72900BBAB85 /* Project object */;
}
